PODS:
  - DSTPravitePod (0.1.1)
  - FBSnapshotTestCase (2.1.4):
    - FBSnapshotTestCase/SwiftSupport (= 2.1.4)
  - FBSnapshotTestCase/Core (2.1.4)
  - FBSnapshotTestCase/SwiftSupport (2.1.4):
    - FBSnapshotTestCase/Core

DEPENDENCIES:
  - DSTPravitePod (from `../`)
  - FBSnapshotTestCase (~> 2.1.4)

SPEC REPOS:
  https://github.com/CocoaPods/Specs.git:
    - FBSnapshotTestCase

EXTERNAL SOURCES:
  DSTPravitePod:
    :path: "../"

SPEC CHECKSUMS:
  DSTPravitePod: 3f2a7fe3aa2db327e6d4b4b9d18c65c3811c20bf
  FBSnapshotTestCase: 094f9f314decbabe373b87cc339bea235a63e07a

PODFILE CHECKSUM: fa42ffa660511aa9dc7d2dacae9718e78a369f31

COCOAPODS: 1.5.0.beta.1
